
Microsoft Visual Studio Solution File, Format Version 12.00
# Visual Studio Version 17
VisualStudioVersion = 17.5.002.0
MinimumVisualStudioVersion = 10.0.40219.1
Project("{9A19103F-16F7-4668-BE54-9A1E7A4F7556}") = "apicemig", "apicemig.csproj", "{C2C15C76-AE5B-4970-B9A8-EB6D6D4C0445}"
EndProject
Global
	GlobalSection(SolutionConfigurationPlatforms) = preSolution
		Debug|Any CPU = Debug|Any CPU
		Release|Any CPU = Release|Any CPU
	EndGlobalSection
	GlobalSection(ProjectConfigurationPlatforms) = postSolution
		{C2C15C76-AE5B-4970-B9A8-EB6D6D4C0445}.Debug|Any CPU.ActiveCfg = Debug|Any CPU
		{C2C15C76-AE5B-4970-B9A8-EB6D6D4C0445}.Debug|Any CPU.Build.0 = Debug|Any CPU
		{C2C15C76-AE5B-4970-B9A8-EB6D6D4C0445}.Release|Any CPU.ActiveCfg = Release|Any CPU
		{C2C15C76-AE5B-4970-B9A8-EB6D6D4C0445}.Release|Any CPU.Build.0 = Release|Any CPU
	EndGlobalSection
	GlobalSection(SolutionProperties) = preSolution
		HideSolutionNode = FALSE
	EndGlobalSection
	GlobalSection(ExtensibilityGlobals) = postSolution
		SolutionGuid = {51CDB707-0361-4582-A13C-687BA5D2DEAF}
	EndGlobalSection
EndGlobal
